// !$*UTF8*$!
{
	archiveVersion = 1;
	classes = {
	};
	objectVersion = 51;
	objects = {

/* Begin PBXBuildFile section */
		041E4235255317920032E937 /* PokemonCell.swift in Sources */ = {isa = PBXBuildFile; fileRef = 041E4233255317920032E937 /* PokemonCell.swift */; };
		041E4236255317920032E937 /* PokemonCell.xib in Resources */ = {isa = PBXBuildFile; fileRef = 041E4234255317920032E937 /* PokemonCell.xib */; };
		041E423C255335BA0032E937 /* DetailViewController.swift in Sources */ = {isa = PBXBuildFile; fileRef = 041E423A255335BA0032E937 /* DetailViewController.swift */; };
		041E423D255335BA0032E937 /* DetailViewController.xib in Resources */ = {isa = PBXBuildFile; fileRef = 041E423B255335BA0032E937 /* DetailViewController.xib */; };
		041E424225533CF80032E937 /* Pokemon.swift in Sources */ = {isa = PBXBuildFile; fileRef = 041E424125533CF80032E937 /* Pokemon.swift */; };
		041E424725533E730032E937 /* PokeStats.swift in Sources */ = {isa = PBXBuildFile; fileRef = 041E424625533E730032E937 /* PokeStats.swift */; };
		049354F12552FDEB00A21DA5 /* AppDelegate.swift in Sources */ = {isa = PBXBuildFile; fileRef = 049354F02552FDEB00A21DA5 /* AppDelegate.swift */; };
		049354F32552FDEB00A21DA5 /* SceneDelegate.swift in Sources */ = {isa = PBXBuildFile; fileRef = 049354F22552FDEB00A21DA5 /* SceneDelegate.swift */; };
		049354F52552FDEB00A21DA5 /* ViewController.swift in Sources */ = {isa = PBXBuildFile; fileRef = 049354F42552FDEB00A21DA5 /* ViewController.swift */; };
		049354F82552FDEB00A21DA5 /* Main.storyboard in Resources */ = {isa = PBXBuildFile; fileRef = 049354F62552FDEB00A21DA5 /* Main.storyboard */; };
		049354FA2552FDEC00A21DA5 /* Assets.xcassets in Resources */ = {isa = PBXBuildFile; fileRef = 049354F92552FDEC00A21DA5 /* Assets.xcassets */; };
		049354FD2552FDEC00A21DA5 /* LaunchScreen.storyboard in Resources */ = {isa = PBXBuildFile; fileRef = 049354FB2552FDEC00A21DA5 /* LaunchScreen.storyboard */; };
		049355082552FDEC00A21DA5 /* PokemonDexTests.swift in Sources */ = {isa = PBXBuildFile; fileRef = 049355072552FDEC00A21DA5 /* PokemonDexTests.swift */; };
		049355132552FDEC00A21DA5 /* PokemonDexUITests.swift in Sources */ = {isa = PBXBuildFile; fileRef = 049355122552FDEC00A21DA5 /* PokemonDexUITests.swift */; };
		04935532255301F500A21DA5 /* Services.swift in Sources */ = {isa = PBXBuildFile; fileRef = 04935531255301F500A21DA5 /* Services.swift */; };
		049355372553020B00A21DA5 /* Controller.swift in Sources */ = {isa = PBXBuildFile; fileRef = 049355362553020B00A21DA5 /* Controller.swift */; };
		0493554425530DDA00A21DA5 /* PokemonIndex.swift in Sources */ = {isa = PBXBuildFile; fileRef = 0493554325530DDA00A21DA5 /* PokemonIndex.swift */; };
		83DE430A610D59E02A402E6E /* Pods_PokemonDex_PokemonDexUITests.framework in Frameworks */ = {isa = PBXBuildFile; fileRef = 4A69CC12355805122BE5A491 /* Pods_PokemonDex_PokemonDexUITests.framework */; };
		AD951F61238C004423C6C7D7 /* Pods_PokemonDex.framework in Frameworks */ = {isa = PBXBuildFile; fileRef = C092CFC5BD9BDD7BF5505E12 /* Pods_PokemonDex.framework */; };
		E71C78306C21FA393A5896A1 /* Pods_PokemonDexTests.framework in Frameworks */ = {isa = PBXBuildFile; fileRef = C25AD096B72A31016EEBD0FC /* Pods_PokemonDexTests.framework */; };
/* End PBXBuildFile section */

/* Begin PBXContainerItemProxy section */
		049355042552FDEC00A21DA5 /* PBXContainerItemProxy */ = {
			isa = PBXContainerItemProxy;
			containerPortal = 049354E52552FDEB00A21DA5 /* Project object */;
			proxyType = 1;
			remoteGlobalIDString = 049354EC2552FDEB00A21DA5;
			remoteInfo = PokemonDex;
		};
		0493550F2552FDEC00A21DA5 /* PBXContainerItemProxy */ = {
			isa = PBXContainerItemProxy;
			containerPortal = 049354E52552FDEB00A21DA5 /* Project object */;
			proxyType = 1;
			remoteGlobalIDString = 049354EC2552FDEB00A21DA5;
			remoteInfo = PokemonDex;
		};
/* End PBXContainerItemProxy section */

/* Begin PBXFileReference section */
		00D7824DB299EED320620779 /* Pods-PokemonDex-PokemonDexUITests.debug.xcconfig */ = {isa = PBXFileReference; includeInIndex = 1; lastKnownFileType = text.xcconfig; name = "Pods-PokemonDex-PokemonDexUITests.debug.xcconfig"; path = "Target Support Files/Pods-PokemonDex-PokemonDexUITests/Pods-PokemonDex-PokemonDexUITests.debug.xcconfig"; sourceTree = "<group>"; };
		041E4233255317920032E937 /* PokemonCell.swift */ = {isa = PBXFileReference; lastKnownFileType = sourcecode.swift; path = PokemonCell.swift; sourceTree = "<group>"; };
		041E4234255317920032E937 /* PokemonCell.xib */ = {isa = PBXFileReference; lastKnownFileType = file.xib; path = PokemonCell.xib; sourceTree = "<group>"; };
		041E423A255335BA0032E937 /* DetailViewController.swift */ = {isa = PBXFileReference; lastKnownFileType = sourcecode.swift; path = DetailViewController.swift; sourceTree = "<group>"; };
		041E423B255335BA0032E937 /* DetailViewController.xib */ = {isa = PBXFileReference; lastKnownFileType = file.xib; path = DetailViewController.xib; sourceTree = "<group>"; };
		041E424125533CF80032E937 /* Pokemon.swift */ = {isa = PBXFileReference; lastKnownFileType = sourcecode.swift; path = Pokemon.swift; sourceTree = "<group>"; };
		041E424625533E730032E937 /* PokeStats.swift */ = {isa = PBXFileReference; lastKnownFileType = sourcecode.swift; path = PokeStats.swift; sourceTree = "<group>"; };
		049354ED2552FDEB00A21DA5 /* PokemonDex.app */ = {isa = PBXFileReference; explicitFileType = wrapper.application; includeInIndex = 0; path = PokemonDex.app; sourceTree = BUILT_PRODUCTS_DIR; };
		049354F02552FDEB00A21DA5 /* AppDelegate.swift */ = {isa = PBXFileReference; lastKnownFileType = sourcecode.swift; path = AppDelegate.swift; sourceTree = "<group>"; };
		049354F22552FDEB00A21DA5 /* SceneDelegate.swift */ = {isa = PBXFileReference; lastKnownFileType = sourcecode.swift; path = SceneDelegate.swift; sourceTree = "<group>"; };
		049354F42552FDEB00A21DA5 /* ViewController.swift */ = {isa = PBXFileReference; lastKnownFileType = sourcecode.swift; path = ViewController.swift; sourceTree = "<group>"; };
		049354F72552FDEB00A21DA5 /* Base */ = {isa = PBXFileReference; lastKnownFileType = file.storyboard; name = Base; path = Base.lproj/Main.storyboard; sourceTree = "<group>"; };
		049354F92552FDEC00A21DA5 /* Assets.xcassets */ = {isa = PBXFileReference; lastKnownFileType = folder.assetcatalog; path = Assets.xcassets; sourceTree = "<group>"; };
		049354FC2552FDEC00A21DA5 /* Base */ = {isa = PBXFileReference; lastKnownFileType = file.storyboard; name = Base; path = Base.lproj/LaunchScreen.storyboard; sourceTree = "<group>"; };
		049354FE2552FDEC00A21DA5 /* Info.plist */ = {isa = PBXFileReference; lastKnownFileType = text.plist.xml; path = Info.plist; sourceTree = "<group>"; };
		049355032552FDEC00A21DA5 /* PokemonDexTests.xctest */ = {isa = PBXFileReference; explicitFileType = wrapper.cfbundle; includeInIndex = 0; path = PokemonDexTests.xctest; sourceTree = BUILT_PRODUCTS_DIR; };
		049355072552FDEC00A21DA5 /* PokemonDexTests.swift */ = {isa = PBXFileReference; lastKnownFileType = sourcecode.swift; path = PokemonDexTests.swift; sourceTree = "<group>"; };
		049355092552FDEC00A21DA5 /* Info.plist */ = {isa = PBXFileReference; lastKnownFileType = text.plist.xml; path = Info.plist; sourceTree = "<group>"; };
		0493550E2552FDEC00A21DA5 /* PokemonDexUITests.xctest */ = {isa = PBXFileReference; explicitFileType = wrapper.cfbundle; includeInIndex = 0; path = PokemonDexUITests.xctest; sourceTree = BUILT_PRODUCTS_DIR; };
		049355122552FDEC00A21DA5 /* PokemonDexUITests.swift */ = {isa = PBXFileReference; lastKnownFileType = sourcecode.swift; path = PokemonDexUITests.swift; sourceTree = "<group>"; };
		049355142552FDEC00A21DA5 /* Info.plist */ = {isa = PBXFileReference; lastKnownFileType = text.plist.xml; path = Info.plist; sourceTree = "<group>"; };
		04935531255301F500A21DA5 /* Services.swift */ = {isa = PBXFileReference; lastKnownFileType = sourcecode.swift; path = Services.swift; sourceTree = "<group>"; };
		049355362553020B00A21DA5 /* Controller.swift */ = {isa = PBXFileReference; lastKnownFileType = sourcecode.swift; path = Controller.swift; sourceTree = "<group>"; };
		0493554325530DDA00A21DA5 /* PokemonIndex.swift */ = {isa = PBXFileReference; lastKnownFileType = sourcecode.swift; path = PokemonIndex.swift; sourceTree = "<group>"; };
		081CF4FD772905859EDF626A /* Pods-PokemonDex.debug.xcconfig */ = {isa = PBXFileReference; includeInIndex = 1; lastKnownFileType = text.xcconfig; name = "Pods-PokemonDex.debug.xcconfig"; path = "Target Support Files/Pods-PokemonDex/Pods-PokemonDex.debug.xcconfig"; sourceTree = "<group>"; };
		258D614C7BF28336397184B7 /* Pods-PokemonDexTests.debug.xcconfig */ = {isa = PBXFileReference; includeInIndex = 1; lastKnownFileType = text.xcconfig; name = "Pods-PokemonDexTests.debug.xcconfig"; path = "Target Support Files/Pods-PokemonDexTests/Pods-PokemonDexTests.debug.xcconfig"; sourceTree = "<group>"; };
		2F9580CB0830BD8AB3FD9438 /* Pods-PokemonDexTests.release.xcconfig */ = {isa = PBXFileReference; includeInIndex = 1; lastKnownFileType = text.xcconfig; name = "Pods-PokemonDexTests.release.xcconfig"; path = "Target Support Files/Pods-PokemonDexTests/Pods-PokemonDexTests.release.xcconfig"; sourceTree = "<group>"; };
		4A69CC12355805122BE5A491 /* Pods_PokemonDex_PokemonDexUITests.framework */ = {isa = PBXFileReference; explicitFileType = wrapper.framework; includeInIndex = 0; path = Pods_PokemonDex_PokemonDexUITests.framework; sourceTree = BUILT_PRODUCTS_DIR; };
		6CB22DBD1425406A0623429B /* Pods-PokemonDex.release.xcconfig */ = {isa = PBXFileReference; includeInIndex = 1; lastKnownFileType = text.xcconfig; name = "Pods-PokemonDex.release.xcconfig"; path = "Target Support Files/Pods-PokemonDex/Pods-PokemonDex.release.xcconfig"; sourceTree = "<group>"; };
		C092CFC5BD9BDD7BF5505E12 /* Pods_PokemonDex.framework */ = {isa = PBXFileReference; explicitFileType = wrapper.framework; includeInIndex = 0; path = Pods_PokemonDex.framework; sourceTree = BUILT_PRODUCTS_DIR; };
		C25AD096B72A31016EEBD0FC /* Pods_PokemonDexTests.framework */ = {isa = PBXFileReference; explicitFileType = wrapper.framework; includeInIndex = 0; path = Pods_PokemonDexTests.framework; sourceTree = BUILT_PRODUCTS_DIR; };
		F645B99C8315914E5D0D19FC /* Pods-PokemonDex-PokemonDexUITests.release.xcconfig */ = {isa = PBXFileReference; includeInIndex = 1; lastKnownFileType = text.xcconfig; name = "Pods-PokemonDex-PokemonDexUITests.release.xcconfig"; path = "Target Support Files/Pods-PokemonDex-PokemonDexUITests/Pods-PokemonDex-PokemonDexUITests.release.xcconfig"; sourceTree = "<group>"; };
/* End PBXFileReference section */

/* Begin PBXFrameworksBuildPhase section */
		049354EA2552FDEB00A21DA5 /* Frameworks */ = {
			isa = PBXFrameworksBuildPhase;
			buildActionMask = 2147483647;
			files = (
				AD951F61238C004423C6C7D7 /* Pods_PokemonDex.framework in Frameworks */,
			);
			runOnlyForDeploymentPostprocessing = 0;
		};
		049355002552FDEC00A21DA5 /* Frameworks */ = {
			isa = PBXFrameworksBuildPhase;
			buildActionMask = 2147483647;
			files = (
				E71C78306C21FA393A5896A1 /* Pods_PokemonDexTests.framework in Frameworks */,
			);
			runOnlyForDeploymentPostprocessing = 0;
		};
		0493550B2552FDEC00A21DA5 /* Frameworks */ = {
			isa = PBXFrameworksBuildPhase;
			buildActionMask = 2147483647;
			files = (
				83DE430A610D59E02A402E6E /* Pods_PokemonDex_PokemonDexUITests.framework in Frameworks */,
			);
			runOnlyForDeploymentPostprocessing = 0;
		};
/* End PBXFrameworksBuildPhase section */

/* Begin PBXGroup section */
		049354E42552FDEB00A21DA5 = {
			isa = PBXGroup;
			children = (
				049354EF2552FDEB00A21DA5 /* PokemonDex */,
				049355062552FDEC00A21DA5 /* PokemonDexTests */,
				049355112552FDEC00A21DA5 /* PokemonDexUITests */,
				049354EE2552FDEB00A21DA5 /* Products */,
				5D6FF69B986413D01699E141 /* Pods */,
				14DE1408A2428571F694F086 /* Frameworks */,
			);
			sourceTree = "<group>";
		};
		049354EE2552FDEB00A21DA5 /* Products */ = {
			isa = PBXGroup;
			children = (
				049354ED2552FDEB00A21DA5 /* PokemonDex.app */,
				049355032552FDEC00A21DA5 /* PokemonDexTests.xctest */,
				0493550E2552FDEC00A21DA5 /* PokemonDexUITests.xctest */,
			);
			name = Products;
			sourceTree = "<group>";
		};
		049354EF2552FDEB00A21DA5 /* PokemonDex */ = {
			isa = PBXGroup;
			children = (
				04935530255301CA00A21DA5 /* Controller */,
				0493552F255301C200A21DA5 /* View */,
				0493552E255301B900A21DA5 /* Model */,
				049354F02552FDEB00A21DA5 /* AppDelegate.swift */,
				049354F22552FDEB00A21DA5 /* SceneDelegate.swift */,
				049354F62552FDEB00A21DA5 /* Main.storyboard */,
				049354F92552FDEC00A21DA5 /* Assets.xcassets */,
				049354FB2552FDEC00A21DA5 /* LaunchScreen.storyboard */,
				049354FE2552FDEC00A21DA5 /* Info.plist */,
			);
			path = PokemonDex;
			sourceTree = "<group>";
		};
		049355062552FDEC00A21DA5 /* PokemonDexTests */ = {
			isa = PBXGroup;
			children = (
				049355072552FDEC00A21DA5 /* PokemonDexTests.swift */,
				049355092552FDEC00A21DA5 /* Info.plist */,
			);
			path = PokemonDexTests;
			sourceTree = "<group>";
		};
		049355112552FDEC00A21DA5 /* PokemonDexUITests */ = {
			isa = PBXGroup;
			children = (
				049355122552FDEC00A21DA5 /* PokemonDexUITests.swift */,
				049355142552FDEC00A21DA5 /* Info.plist */,
			);
			path = PokemonDexUITests;
			sourceTree = "<group>";
		};
		0493552E255301B900A21DA5 /* Model */ = {
			isa = PBXGroup;
			children = (
				04935531255301F500A21DA5 /* Services.swift */,
				0493554325530DDA00A21DA5 /* PokemonIndex.swift */,
				041E424125533CF80032E937 /* Pokemon.swift */,
				041E424625533E730032E937 /* PokeStats.swift */,
			);
			path = Model;
			sourceTree = "<group>";
		};
		0493552F255301C200A21DA5 /* View */ = {
			isa = PBXGroup;
			children = (
				049354F42552FDEB00A21DA5 /* ViewController.swift */,
				041E423A255335BA0032E937 /* DetailViewController.swift */,
				041E423B255335BA0032E937 /* DetailViewController.xib */,
				041E4233255317920032E937 /* PokemonCell.swift */,
				041E4234255317920032E937 /* PokemonCell.xib */,
			);
			path = View;
			sourceTree = "<group>";
		};
		04935530255301CA00A21DA5 /* Controller */ = {
			isa = PBXGroup;
			children = (
				049355362553020B00A21DA5 /* Controller.swift */,
			);
			path = Controller;
			sourceTree = "<group>";
		};
		14DE1408A2428571F694F086 /* Frameworks */ = {
			isa = PBXGroup;
			children = (
				C092CFC5BD9BDD7BF5505E12 /* Pods_PokemonDex.framework */,
				4A69CC12355805122BE5A491 /* Pods_PokemonDex_PokemonDexUITests.framework */,
				C25AD096B72A31016EEBD0FC /* Pods_PokemonDexTests.framework */,
			);
			name = Frameworks;
			sourceTree = "<group>";
		};
		5D6FF69B986413D01699E141 /* Pods */ = {
			isa = PBXGroup;
			children = (
				081CF4FD772905859EDF626A /* Pods-PokemonDex.debug.xcconfig */,
				6CB22DBD1425406A0623429B /* Pods-PokemonDex.release.xcconfig */,
				00D7824DB299EED320620779 /* Pods-PokemonDex-PokemonDexUITests.debug.xcconfig */,
				F645B99C8315914E5D0D19FC /* Pods-PokemonDex-PokemonDexUITests.release.xcconfig */,
				258D614C7BF28336397184B7 /* Pods-PokemonDexTests.debug.xcconfig */,
				2F9580CB0830BD8AB3FD9438 /* Pods-PokemonDexTests.release.xcconfig */,
			);
			path = Pods;
			sourceTree = "<group>";
		};
/* End PBXGroup section */

/* Begin PBXNativeTarget section */
		049354EC2552FDEB00A21DA5 /* PokemonDex */ = {
			isa = PBXNativeTarget;
			buildConfigurationList = 049355172552FDEC00A21DA5 /* Build configuration list for PBXNativeTarget "PokemonDex" */;
			buildPhases = (
				BC1E88739D6423051082A364 /* [CP] Check Pods Manifest.lock */,
				049354E92552FDEB00A21DA5 /* Sources */,
				049354EA2552FDEB00A21DA5 /* Frameworks */,
				049354EB2552FDEB00A21DA5 /* Resources */,
				C2D3AF9F4829948D90B5DF83 /* [CP] Embed Pods Frameworks */,
			);
			buildRules = (
			);
			dependencies = (
			);
			name = PokemonDex;
			productName = PokemonDex;
			productReference = 049354ED2552FDEB00A21DA5 /* PokemonDex.app */;
			productType = "com.apple.product-type.application";
		};
		049355022552FDEC00A21DA5 /* PokemonDexTests */ = {
			isa = PBXNativeTarget;
			buildConfigurationList = 0493551A2552FDEC00A21DA5 /* Build configuration list for PBXNativeTarget "PokemonDexTests" */;
			buildPhases = (
				D79687180B626B39F6957588 /* [CP] Check Pods Manifest.lock */,
				049354FF2552FDEC00A21DA5 /* Sources */,
				049355002552FDEC00A21DA5 /* Frameworks */,
				049355012552FDEC00A21DA5 /* Resources */,
			);
			buildRules = (
			);
			dependencies = (
				049355052552FDEC00A21DA5 /* PBXTargetDependency */,
			);
			name = PokemonDexTests;
			productName = PokemonDexTests;
			productReference = 049355032552FDEC00A21DA5 /* PokemonDexTests.xctest */;
			productType = "com.apple.product-type.bundle.unit-test";
		};
		0493550D2552FDEC00A21DA5 /* PokemonDexUITests */ = {
			isa = PBXNativeTarget;
			buildConfigurationList = 0493551D2552FDEC00A21DA5 /* Build configuration list for PBXNativeTarget "PokemonDexUITests" */;
			buildPhases = (
				00D0B404B3E0CD2E96161BD1 /* [CP] Check Pods Manifest.lock */,
				0493550A2552FDEC00A21DA5 /* Sources */,
				0493550B2552FDEC00A21DA5 /* Frameworks */,
				0493550C2552FDEC00A21DA5 /* Resources */,
				45E39C8CC5DDD02E76A35096 /* [CP] Embed Pods Frameworks */,
			);
			buildRules = (
			);
			dependencies = (
				049355102552FDEC00A21DA5 /* PBXTargetDependency */,
			);
			name = PokemonDexUITests;
			productName = PokemonDexUITests;
			productReference = 0493550E2552FDEC00A21DA5 /* PokemonDexUITests.xctest */;
			productType = "com.apple.product-type.bundle.ui-testing";
		};
/* End PBXNativeTarget section */

/* Begin PBXProject section */
		049354E52552FDEB00A21DA5 /* Project object */ = {
			isa = PBXProject;
			attributes = {
				LastSwiftUpdateCheck = 1210;
				LastUpgradeCheck = 1210;
				TargetAttributes = {
					049354EC2552FDEB00A21DA5 = {
						CreatedOnToolsVersion = 12.1;
					};
					049355022552FDEC00A21DA5 = {
						CreatedOnToolsVersion = 12.1;
						TestTargetID = 049354EC2552FDEB00A21DA5;
					};
					0493550D2552FDEC00A21DA5 = {
						CreatedOnToolsVersion = 12.1;
						TestTargetID = 049354EC2552FDEB00A21DA5;
					};
				};
			};
			buildConfigurationList = 049354E82552FDEB00A21DA5 /* Build configuration list for PBXProject "PokemonDex" */;
			compatibilityVersion = "Xcode 9.3";
			developmentRegion = en;
			hasScannedForEncodings = 0;
			knownRegions = (
				en,
				Base,
			);
			mainGroup = 049354E42552FDEB00A21DA5;
			productRefGroup = 049354EE2552FDEB00A21DA5 /* Products */;
			projectDirPath = "";
			projectRoot = "";
			targets = (
				049354EC2552FDEB00A21DA5 /* PokemonDex */,
				049355022552FDEC00A21DA5 /* PokemonDexTests */,
				0493550D2552FDEC00A21DA5 /* PokemonDexUITests */,
			);
		};
/* End PBXProject section */

/* Begin PBXResourcesBuildPhase section */
		049354EB2552FDEB00A21DA5 /* Resources */ = {
			isa = PBXResourcesBuildPhase;
			buildActionMask = 2147483647;
			files = (
				049354FD2552FDEC00A21DA5 /* LaunchScreen.storyboard in Resources */,
				041E4236255317920032E937 /* PokemonCell.xib in Resources */,
				041E423D255335BA0032E937 /* DetailViewController.xib in Resources */,
				049354FA2552FDEC00A21DA5 /* Assets.xcassets in Resources */,
				049354F82552FDEB00A21DA5 /* Main.storyboard in Resources */,
			);
			runOnlyForDeploymentPostprocessing = 0;
		};
		049355012552FDEC00A21DA5 /* Resources */ = {
			isa = PBXResourcesBuildPhase;
			buildActionMask = 2147483647;
			files = (
			);
			runOnlyForDeploymentPostprocessing = 0;
		};
		0493550C2552FDEC00A21DA5 /* Resources */ = {
			isa = PBXResourcesBuildPhase;
			buildActionMask = 2147483647;
			files = (
			);
			runOnlyForDeploymentPostprocessing = 0;
		};
/* End PBXResourcesBuildPhase section */

/* Begin PBXShellScriptBuildPhase section */
		00D0B404B3E0CD2E96161BD1 /* [CP] Check Pods Manifest.lock */ = {
			isa = PBXShellScriptBuildPhase;
			buildActionMask = 2147483647;
			files = (
			);
			inputFileListPaths = (
			);
			inputPaths = (
				"${PODS_PODFILE_DIR_PATH}/Podfile.lock",
				"${PODS_ROOT}/Manifest.lock",
			);
			name = "[CP] Check Pods Manifest.lock";
			outputFileListPaths = (
			);
			outputPaths = (
				"$(DERIVED_FILE_DIR)/Pods-PokemonDex-PokemonDexUITests-checkManifestLockResult.txt",
			);
			runOnlyForDeploymentPostprocessing = 0;
			shellPath = /bin/sh;
			shellScript = "diff \"${PODS_PODFILE_DIR_PATH}/Podfile.lock\" \"${PODS_ROOT}/Manifest.lock\" > /dev/null\nif [ $? != 0 ] ; then\n    # print error to STDERR\n    echo \"error: The sandbox is not in sync with the Podfile.lock. Run 'pod install' or update your CocoaPods installation.\" >&2\n    exit 1\nfi\n# This output is used by Xcode 'outputs' to avoid re-running this script phase.\necho \"SUCCESS\" > \"${SCRIPT_OUTPUT_FILE_0}\"\n";
			showEnvVarsInLog = 0;
		};
		45E39C8CC5DDD02E76A35096 /* [CP] Embed Pods Frameworks */ = {
			isa = PBXShellScriptBuildPhase;
			buildActionMask = 2147483647;
			files = (
			);
			inputFileListPaths = (
				"${PODS_ROOT}/Target Support Files/Pods-PokemonDex-PokemonDexUITests/Pods-PokemonDex-PokemonDexUITests-frameworks-${CONFIGURATION}-input-files.xcfilelist",
			);
			name = "[CP] Embed Pods Frameworks";
			outputFileListPaths = (
				"${PODS_ROOT}/Target Support Files/Pods-PokemonDex-PokemonDexUITests/Pods-PokemonDex-PokemonDexUITests-frameworks-${CONFIGURATION}-output-files.xcfilelist",
			);
			runOnlyForDeploymentPostprocessing = 0;
			shellPath = /bin/sh;
			shellScript = "\"${PODS_ROOT}/Target Support Files/Pods-PokemonDex-PokemonDexUITests/Pods-PokemonDex-PokemonDexUITests-frameworks.sh\"\n";
			showEnvVarsInLog = 0;
		};
		BC1E88739D6423051082A364 /* [CP] Check Pods Manifest.lock */ = {
			isa = PBXShellScriptBuildPhase;
			buildActionMask = 2147483647;
			files = (
			);
			inputFileListPaths = (
			);
			inputPaths = (
				"${PODS_PODFILE_DIR_PATH}/Podfile.lock",
				"${PODS_ROOT}/Manifest.lock",
			);
			name = "[CP] Check Pods Manifest.lock";
			outputFileListPaths = (
			);
			outputPaths = (
				"$(DERIVED_FILE_DIR)/Pods-PokemonDex-checkManifestLockResult.txt",
			);
			runOnlyForDeploymentPostprocessing = 0;
			shellPath = /bin/sh;
			shellScript = "diff \"${PODS_PODFILE_DIR_PATH}/Podfile.lock\" \"${PODS_ROOT}/Manifest.lock\" > /dev/null\nif [ $? != 0 ] ; then\n    # print error to STDERR\n    echo \"error: The sandbox is not in sync with the Podfile.lock. Run 'pod install' or update your CocoaPods installation.\" >&2\n    exit 1\nfi\n# This output is used by Xcode 'outputs' to avoid re-running this script phase.\necho \"SUCCESS\" > \"${SCRIPT_OUTPUT_FILE_0}\"\n";
			showEnvVarsInLog = 0;
		};
		C2D3AF9F4829948D90B5DF83 /* [CP] Embed Pods Frameworks */ = {
			isa = PBXShellScriptBuildPhase;
			buildActionMask = 2147483647;
			files = (
			);
			inputFileListPaths = (
				"${PODS_ROOT}/Target Support Files/Pods-PokemonDex/Pods-PokemonDex-frameworks-${CONFIGURATION}-input-files.xcfilelist",
			);
			name = "[CP] Embed Pods Frameworks";
			outputFileListPaths = (
				"${PODS_ROOT}/Target Support Files/Pods-PokemonDex/Pods-PokemonDex-frameworks-${CONFIGURATION}-output-files.xcfilelist",
			);
			runOnlyForDeploymentPostprocessing = 0;
			shellPath = /bin/sh;
			shellScript = "\"${PODS_ROOT}/Target Support Files/Pods-PokemonDex/Pods-PokemonDex-frameworks.sh\"\n";
			showEnvVarsInLog = 0;
		};
		D79687180B626B39F6957588 /* [CP] Check Pods Manifest.lock */ = {
			isa = PBXShellScriptBuildPhase;
			buildActionMask = 2147483647;
			files = (
			);
			inputFileListPaths = (
			);
			inputPaths = (
				"${PODS_PODFILE_DIR_PATH}/Podfile.lock",
				"${PODS_ROOT}/Manifest.lock",
			);
			name = "[CP] Check Pods Manifest.lock";
			outputFileListPaths = (
			);
			outputPaths = (
				"$(DERIVED_FILE_DIR)/Pods-PokemonDexTests-checkManifestLockResult.txt",
			);
			runOnlyForDeploymentPostprocessing = 0;
			shellPath = /bin/sh;
			shellScript = "diff \"${PODS_PODFILE_DIR_PATH}/Podfile.lock\" \"${PODS_ROOT}/Manifest.lock\" > /dev/null\nif [ $? != 0 ] ; then\n    # print error to STDERR\n    echo \"error: The sandbox is not in sync with the Podfile.lock. Run 'pod install' or update your CocoaPods installation.\" >&2\n    exit 1\nfi\n# This output is used by Xcode 'outputs' to avoid re-running this script phase.\necho \"SUCCESS\" > \"${SCRIPT_OUTPUT_FILE_0}\"\n";
			showEnvVarsInLog = 0;
		};
/* End PBXShellScriptBuildPhase section */

/* Begin PBXSourcesBuildPhase section */
		049354E92552FDEB00A21DA5 /* Sources */ = {
			isa = PBXSourcesBuildPhase;
			buildActionMask = 2147483647;
			files = (
				041E424725533E730032E937 /* PokeStats.swift in Sources */,
				049355372553020B00A21DA5 /* Controller.swift in Sources */,
				049354F52552FDEB00A21DA5 /* ViewController.swift in Sources */,
				0493554425530DDA00A21DA5 /* PokemonIndex.swift in Sources */,
				04935532255301F500A21DA5 /* Services.swift in Sources */,
				049354F12552FDEB00A21DA5 /* AppDelegate.swift in Sources */,
				041E424225533CF80032E937 /* Pokemon.swift in Sources */,
				041E4235255317920032E937 /* PokemonCell.swift in Sources */,
				049354F32552FDEB00A21DA5 /* SceneDelegate.swift in Sources */,
				041E423C255335BA0032E937 /* DetailViewController.swift in Sources */,
			);
			runOnlyForDeploymentPostprocessing = 0;
		};
		049354FF2552FDEC00A21DA5 /* Sources */ = {
			isa = PBXSourcesBuildPhase;
			buildActionMask = 2147483647;
			files = (
				049355082552FDEC00A21DA5 /* PokemonDexTests.swift in Sources */,
			);
			runOnlyForDeploymentPostprocessing = 0;
		};
		0493550A2552FDEC00A21DA5 /* Sources */ = {
			isa = PBXSourcesBuildPhase;
			buildActionMask = 2147483647;
			files = (
				049355132552FDEC00A21DA5 /* PokemonDexUITests.swift in Sources */,
			);
			runOnlyForDeploymentPostprocessing = 0;
		};
/* End PBXSourcesBuildPhase section */

/* Begin PBXTargetDependency section */
		049355052552FDEC00A21DA5 /* PBXTargetDependency */ = {
			isa = PBXTargetDependency;
			target = 049354EC2552FDEB00A21DA5 /* PokemonDex */;
			targetProxy = 049355042552FDEC00A21DA5 /* PBXContainerItemProxy */;
		};
		049355102552FDEC00A21DA5 /* PBXTargetDependency */ = {
			isa = PBXTargetDependency;
			target = 049354EC2552FDEB00A21DA5 /* PokemonDex */;
			targetProxy = 0493550F2552FDEC00A21DA5 /* PBXContainerItemProxy */;
		};
/* End PBXTargetDependency section */

/* Begin PBXVariantGroup section */
		049354F62552FDEB00A21DA5 /* Main.storyboard */ = {
			isa = PBXVariantGroup;
			children = (
				049354F72552FDEB00A21DA5 /* Base */,
			);
			name = Main.storyboard;
			sourceTree = "<group>";
		};
		049354FB2552FDEC00A21DA5 /* LaunchScreen.storyboard */ = {
			isa = PBXVariantGroup;
			children = (
				049354FC2552FDEC00A21DA5 /* Base */,
			);
			name = LaunchScreen.storyboard;
			sourceTree = "<group>";
		};
/* End PBXVariantGroup section */

/* Begin XCBuildConfiguration section */
		049355152552FDEC00A21DA5 /* Debug */ = {
			isa = XCBuildConfiguration;
			buildSettings = {
				ALWAYS_SEARCH_USER_PATHS = NO;
				CLANG_ANALYZER_NONNULL = YES;
				CLANG_ANALYZER_NUMBER_OBJECT_CONVERSION = YES_AGGRESSIVE;
				CLANG_CXX_LANGUAGE_STANDARD = "gnu++14";
				CLANG_CXX_LIBRARY = "libc++";
				CLANG_ENABLE_MODULES = YES;
				CLANG_ENABLE_OBJC_ARC = YES;
				CLANG_ENABLE_OBJC_WEAK = YES;
				CLANG_WARN_BLOCK_CAPTURE_AUTORELEASING = YES;
				CLANG_WARN_BOOL_CONVERSION = YES;
				CLANG_WARN_COMMA = YES;
				CLANG_WARN_CONSTANT_CONVERSION = YES;
				CLANG_WARN_DEPRECATED_OBJC_IMPLEMENTATIONS = YES;
				CLANG_WARN_DIRECT_OBJC_ISA_USAGE = YES_ERROR;
				CLANG_WARN_DOCUMENTATION_COMMENTS = YES;
				CLANG_WARN_EMPTY_BODY = YES;
				CLANG_WARN_ENUM_CONVERSION = YES;
				CLANG_WARN_INFINITE_RECURSION = YES;
				CLANG_WARN_INT_CONVERSION = YES;
				CLANG_WARN_NON_LITERAL_NULL_CONVERSION = YES;
				CLANG_WARN_OBJC_IMPLICIT_RETAIN_SELF = YES;
				CLANG_WARN_OBJC_LITERAL_CONVERSION = YES;
				CLANG_WARN_OBJC_ROOT_CLASS = YES_ERROR;
				CLANG_WARN_QUOTED_INCLUDE_IN_FRAMEWORK_HEADER = YES;
				CLANG_WARN_RANGE_LOOP_ANALYSIS = YES;
				CLANG_WARN_STRICT_PROTOTYPES = YES;
				CLANG_WARN_SUSPICIOUS_MOVE = YES;
				CLANG_WARN_UNGUARDED_AVAILABILITY = YES_AGGRESSIVE;
				CLANG_WARN_UNREACHABLE_CODE = YES;
				CLANG_WARN__DUPLICATE_METHOD_MATCH = YES;
				COPY_PHASE_STRIP = NO;
				DEBUG_INFORMATION_FORMAT = dwarf;
				ENABLE_STRICT_OBJC_MSGSEND = YES;
				ENABLE_TESTABILITY = YES;
				GCC_C_LANGUAGE_STANDARD = gnu11;
				GCC_DYNAMIC_NO_PIC = NO;
				GCC_NO_COMMON_BLOCKS = YES;
				GCC_OPTIMIZATION_LEVEL = 0;
				GCC_PREPROCESSOR_DEFINITIONS = (
					"DEBUG=1",
					"$(inherited)",
				);
				GCC_WARN_64_TO_32_BIT_CONVERSION = YES;
				GCC_WARN_ABOUT_RETURN_TYPE = YES_ERROR;
				GCC_WARN_UNDECLARED_SELECTOR = YES;
				GCC_WARN_UNINITIALIZED_AUTOS = YES_AGGRESSIVE;
				GCC_WARN_UNUSED_FUNCTION = YES;
				GCC_WARN_UNUSED_VARIABLE = YES;
				IPHONEOS_DEPLOYMENT_TARGET = 14.1;
				MTL_ENABLE_DEBUG_INFO = INCLUDE_SOURCE;
				MTL_FAST_MATH = YES;
				ONLY_ACTIVE_ARCH = YES;
				SDKROOT = iphoneos;
				SWIFT_ACTIVE_COMPILATION_CONDITIONS = DEBUG;
				SWIFT_OPTIMIZATION_LEVEL = "-Onone";
			};
			name = Debug;
		};
		049355162552FDEC00A21DA5 /* Release */ = {
			isa = XCBuildConfiguration;
			buildSettings = {
				ALWAYS_SEARCH_USER_PATHS = NO;
				CLANG_ANALYZER_NONNULL = YES;
				CLANG_ANALYZER_NUMBER_OBJECT_CONVERSION = YES_AGGRESSIVE;
				CLANG_CXX_LANGUAGE_STANDARD = "gnu++14";
				CLANG_CXX_LIBRARY = "libc++";
				CLANG_ENABLE_MODULES = YES;
				CLANG_ENABLE_OBJC_ARC = YES;
				CLANG_ENABLE_OBJC_WEAK = YES;
				CLANG_WARN_BLOCK_CAPTURE_AUTORELEASING = YES;
				CLANG_WARN_BOOL_CONVERSION = YES;
				CLANG_WARN_COMMA = YES;
				CLANG_WARN_CONSTANT_CONVERSION = YES;
				CLANG_WARN_DEPRECATED_OBJC_IMPLEMENTATIONS = YES;
				CLANG_WARN_DIRECT_OBJC_ISA_USAGE = YES_ERROR;
				CLANG_WARN_DOCUMENTATION_COMMENTS = YES;
				CLANG_WARN_EMPTY_BODY = YES;
				CLANG_WARN_ENUM_CONVERSION = YES;
				CLANG_WARN_INFINITE_RECURSION = YES;
				CLANG_WARN_INT_CONVERSION = YES;
				CLANG_WARN_NON_LITERAL_NULL_CONVERSION = YES;
				CLANG_WARN_OBJC_IMPLICIT_RETAIN_SELF = YES;
				CLANG_WARN_OBJC_LITERAL_CONVERSION = YES;
				CLANG_WARN_OBJC_ROOT_CLASS = YES_ERROR;
				CLANG_WARN_QUOTED_INCLUDE_IN_FRAMEWORK_HEADER = YES;
				CLANG_WARN_RANGE_LOOP_ANALYSIS = YES;
				CLANG_WARN_STRICT_PROTOTYPES = YES;
				CLANG_WARN_SUSPICIOUS_MOVE = YES;
				CLANG_WARN_UNGUARDED_AVAILABILITY = YES_AGGRESSIVE;
				CLANG_WARN_UNREACHABLE_CODE = YES;
				CLANG_WARN__DUPLICATE_METHOD_MATCH = YES;
				COPY_PHASE_STRIP = NO;
				DEBUG_INFORMATION_FORMAT = "dwarf-with-dsym";
				ENABLE_NS_ASSERTIONS = NO;
				ENABLE_STRICT_OBJC_MSGSEND = YES;
				GCC_C_LANGUAGE_STANDARD = gnu11;
				GCC_NO_COMMON_BLOCKS = YES;
				GCC_WARN_64_TO_32_BIT_CONVERSION = YES;
				GCC_WARN_ABOUT_RETURN_TYPE = YES_ERROR;
				GCC_WARN_UNDECLARED_SELECTOR = YES;
				GCC_WARN_UNINITIALIZED_AUTOS = YES_AGGRESSIVE;
				GCC_WARN_UNUSED_FUNCTION = YES;
				GCC_WARN_UNUSED_VARIABLE = YES;
				IPHONEOS_DEPLOYMENT_TARGET = 14.1;
				MTL_ENABLE_DEBUG_INFO = NO;
				MTL_FAST_MATH = YES;
				SDKROOT = iphoneos;
				SWIFT_COMPILATION_MODE = wholemodule;
				SWIFT_OPTIMIZATION_LEVEL = "-O";
				VALIDATE_PRODUCT = YES;
			};
			name = Release;
		};
		049355182552FDEC00A21DA5 /* Debug */ = {
			isa = XCBuildConfiguration;
			baseConfigurationReference = 081CF4FD772905859EDF626A /* Pods-PokemonDex.debug.xcconfig */;
			buildSettings = {
				ASSETCATALOG_COMPILER_APPICON_NAME = AppIcon;
				ASSETCATALOG_COMPILER_GLOBAL_ACCENT_COLOR_NAME = AccentColor;
				CODE_SIGN_STYLE = Automatic;
				INFOPLIST_FILE = PokemonDex/Info.plist;
				LD_RUNPATH_SEARCH_PATHS = (
					"$(inherited)",
					"@executable_path/Frameworks",
				);
				PRODUCT_BUNDLE_IDENTIFIER = com.danywarner.PokemonDex;
				PRODUCT_NAME = "$(TARGET_NAME)";
				SWIFT_VERSION = 5.0;
				TARGETED_DEVICE_FAMILY = "1,2";
			};
			name = Debug;
		};
		049355192552FDEC00A21DA5 /* Release */ = {
			isa = XCBuildConfiguration;
			baseConfigurationReference = 6CB22DBD1425406A0623429B /* Pods-PokemonDex.release.xcconfig */;
			buildSettings = {
				ASSETCATALOG_COMPILER_APPICON_NAME = AppIcon;
				ASSETCATALOG_COMPILER_GLOBAL_ACCENT_COLOR_NAME = AccentColor;
				CODE_SIGN_STYLE = Automatic;
				INFOPLIST_FILE = PokemonDex/Info.plist;
				LD_RUNPATH_SEARCH_PATHS = (
					"$(inherited)",
					"@executable_path/Frameworks",
				);
				PRODUCT_BUNDLE_IDENTIFIER = com.danywarner.PokemonDex;
				PRODUCT_NAME = "$(TARGET_NAME)";
				SWIFT_VERSION = 5.0;
				TARGETED_DEVICE_FAMILY = "1,2";
			};
			name = Release;
		};
		0493551B2552FDEC00A21DA5 /* Debug */ = {
			isa = XCBuildConfiguration;
			baseConfigurationReference = 258D614C7BF28336397184B7 /* Pods-PokemonDexTests.debug.xcconfig */;
			buildSettings = {
				ALWAYS_EMBED_SWIFT_STANDARD_LIBRARIES = YES;
				BUNDLE_LOADER = "$(TEST_HOST)";
				CODE_SIGN_STYLE = Automatic;
				INFOPLIST_FILE = PokemonDexTests/Info.plist;
				IPHONEOS_DEPLOYMENT_TARGET = 14.1;
				LD_RUNPATH_SEARCH_PATHS = (
					"$(inherited)",
					"@executable_path/Frameworks",
					"@loader_path/Frameworks",
				);
				PRODUCT_BUNDLE_IDENTIFIER = com.danywarner.PokemonDexTests;
				PRODUCT_NAME = "$(TARGET_NAME)";
				SWIFT_VERSION = 5.0;
				TARGETED_DEVICE_FAMILY = "1,2";
				TEST_HOST = "$(BUILT_PRODUCTS_DIR)/PokemonDex.app/PokemonDex";
			};
			name = Debug;
		};
		0493551C2552FDEC00A21DA5 /* Release */ = {
			isa = XCBuildConfiguration;
			baseConfigurationReference = 2F9580CB0830BD8AB3FD9438 /* Pods-PokemonDexTests.release.xcconfig */;
			buildSettings = {
				ALWAYS_EMBED_SWIFT_STANDARD_LIBRARIES = YES;
				BUNDLE_LOADER = "$(TEST_HOST)";
				CODE_SIGN_STYLE = Automatic;
				INFOPLIST_FILE = PokemonDexTests/Info.plist;
				IPHONEOS_DEPLOYMENT_TARGET = 14.1;
				LD_RUNPATH_SEARCH_PATHS = (
					"$(inherited)",
					"@executable_path/Frameworks",
					"@loader_path/Frameworks",
				);
				PRODUCT_BUNDLE_IDENTIFIER = com.danywarner.PokemonDexTests;
				PRODUCT_NAME = "$(TARGET_NAME)";
				SWIFT_VERSION = 5.0;
				TARGETED_DEVICE_FAMILY = "1,2";
				TEST_HOST = "$(BUILT_PRODUCTS_DIR)/PokemonDex.app/PokemonDex";
			};
			name = Release;
		};
		0493551E2552FDEC00A21DA5 /* Debug */ = {
			isa = XCBuildConfiguration;
			baseConfigurationReference = 00D7824DB299EED320620779 /* Pods-PokemonDex-PokemonDexUITests.debug.xcconfig */;
			buildSettings = {
				ALWAYS_EMBED_SWIFT_STANDARD_LIBRARIES = YES;
				CODE_SIGN_STYLE = Automatic;
				INFOPLIST_FILE = PokemonDexUITests/Info.plist;
				LD_RUNPATH_SEARCH_PATHS = (
					"$(inherited)",
					"@executable_path/Frameworks",
					"@loader_path/Frameworks",
				);
				PRODUCT_BUNDLE_IDENTIFIER = com.danywarner.PokemonDexUITests;
				PRODUCT_NAME = "$(TARGET_NAME)";
				SWIFT_VERSION = 5.0;
				TARGETED_DEVICE_FAMILY = "1,2";
				TEST_TARGET_NAME = PokemonDex;
			};
			name = Debug;
		};
		0493551F2552FDEC00A21DA5 /* Release */ = {
			isa = XCBuildConfiguration;
			baseConfigurationReference = F645B99C8315914E5D0D19FC /* Pods-PokemonDex-PokemonDexUITests.release.xcconfig */;
			buildSettings = {
				ALWAYS_EMBED_SWIFT_STANDARD_LIBRARIES = YES;
				CODE_SIGN_STYLE = Automatic;
				INFOPLIST_FILE = PokemonDexUITests/Info.plist;
				LD_RUNPATH_SEARCH_PATHS = (
					"$(inherited)",
					"@executable_path/Frameworks",
					"@loader_path/Frameworks",
				);
				PRODUCT_BUNDLE_IDENTIFIER = com.danywarner.PokemonDexUITests;
				PRODUCT_NAME = "$(TARGET_NAME)";
				SWIFT_VERSION = 5.0;
				TARGETED_DEVICE_FAMILY = "1,2";
				TEST_TARGET_NAME = PokemonDex;
			};
			name = Release;
		};
/* End XCBuildConfiguration section */

/* Begin XCConfigurationList section */
		049354E82552FDEB00A21DA5 /* Build configuration list for PBXProject "PokemonDex" */ = {
			isa = XCConfigurationList;
			buildConfigurations = (
				049355152552FDEC00A21DA5 /* Debug */,
				049355162552FDEC00A21DA5 /* Release */,
			);
			defaultConfigurationIsVisible = 0;
			defaultConfigurationName = Release;
		};
		049355172552FDEC00A21DA5 /* Build configuration list for PBXNativeTarget "PokemonDex" */ = {
			isa = XCConfigurationList;
			buildConfigurations = (
				049355182552FDEC00A21DA5 /* Debug */,
				049355192552FDEC00A21DA5 /* Release */,
			);
			defaultConfigurationIsVisible = 0;
			defaultConfigurationName = Release;
		};
		0493551A2552FDEC00A21DA5 /* Build configuration list for PBXNativeTarget "PokemonDexTests" */ = {
			isa = XCConfigurationList;
			buildConfigurations = (
				0493551B2552FDEC00A21DA5 /* Debug */,
				0493551C2552FDEC00A21DA5 /* Release */,
			);
			defaultConfigurationIsVisible = 0;
			defaultConfigurationName = Release;
		};
		0493551D2552FDEC00A21DA5 /* Build configuration list for PBXNativeTarget "PokemonDexUITests" */ = {
			isa = XCConfigurationList;
			buildConfigurations = (
				0493551E2552FDEC00A21DA5 /* Debug */,
				0493551F2552FDEC00A21DA5 /* Release */,
			);
			defaultConfigurationIsVisible = 0;
			defaultConfigurationName = Release;
		};
/* End XCConfigurationList section */
	};
	rootObject = 049354E52552FDEB00A21DA5 /* Project object */;
}
